// !$*UTF8*$!
{
	archiveVersion = 1;
	classes = {
	};
	objectVersion = 46;
	objects = {

/* Begin PBXBuildFile section */
		0F14DE581AB0F11C002675D8 /* main.m in Sources */ = {isa = PBXBuildFile; fileRef = 0F14DE571AB0F11C002675D8 /* main.m */; };
		0F14DE5B1AB0F11C002675D8 /* AppDelegate.m in Sources */ = {isa = PBXBuildFile; fileRef = 0F14DE5A1AB0F11C002675D8 /* AppDelegate.m */; };
		0F14DE5E1AB0F11C002675D8 /* ViewController.m in Sources */ = {isa = PBXBuildFile; fileRef = 0F14DE5D1AB0F11C002675D8 /* ViewController.m */; };
		0F14DE611AB0F11C002675D8 /* Main.storyboard in Resources */ = {isa = PBXBuildFile; fileRef = 0F14DE5F1AB0F11C002675D8 /* Main.storyboard */; };
		0F14DE631AB0F11C002675D8 /* Images.xcassets in Resources */ = {isa = PBXBuildFile; fileRef = 0F14DE621AB0F11C002675D8 /* Images.xcassets */; };
		0F14DE661AB0F11C002675D8 /* LaunchScreen.xib in Resources */ = {isa = PBXBuildFile; fileRef = 0F14DE641AB0F11C002675D8 /* LaunchScreen.xib */; };
		0F14DE721AB0F11C002675D8 /* TextFieldConstraintsExperimentTests.m in Sources */ = {isa = PBXBuildFile; fileRef = 0F14DE711AB0F11C002675D8 /* TextFieldConstraintsExperimentTests.m */; };
/* End PBXBuildFile section */

/* Begin PBXContainerItemProxy section */
		0F14DE6C1AB0F11C002675D8 /* PBXContainerItemProxy */ = {
			isa = PBXContainerItemProxy;
			containerPortal = 0F14DE4A1AB0F11C002675D8 /* Project object */;
			proxyType = 1;
			remoteGlobalIDString = 0F14DE511AB0F11C002675D8;
			remoteInfo = TextFieldConstraintsExperiment;
		};
/* End PBXContainerItemProxy section */

/* Begin PBXFileReference section */
		0F14DE521AB0F11C002675D8 /* TextFieldConstraintsExperiment.app */ = {isa = PBXFileReference; explicitFileType = wrapper.application; includeInIndex = 0; path = TextFieldConstraintsExperiment.app; sourceTree = BUILT_PRODUCTS_DIR; };
		0F14DE561AB0F11C002675D8 /* Info.plist */ = {isa = PBXFileReference; lastKnownFileType = text.plist.xml; path = Info.plist; sourceTree = "<group>"; };
		0F14DE571AB0F11C002675D8 /* main.m */ = {isa = PBXFileReference; lastKnownFileType = sourcecode.c.objc; path = main.m; sourceTree = "<group>"; };
		0F14DE591AB0F11C002675D8 /* AppDelegate.h */ = {isa = PBXFileReference; lastKnownFileType = sourcecode.c.h; path = AppDelegate.h; sourceTree = "<group>"; };
		0F14DE5A1AB0F11C002675D8 /* AppDelegate.m */ = {isa = PBXFileReference; lastKnownFileType = sourcecode.c.objc; path = AppDelegate.m; sourceTree = "<group>"; };
		0F14DE5C1AB0F11C002675D8 /* ViewController.h */ = {isa = PBXFileReference; lastKnownFileType = sourcecode.c.h; path = ViewController.h; sourceTree = "<group>"; };
		0F14DE5D1AB0F11C002675D8 /* ViewController.m */ = {isa = PBXFileReference; lastKnownFileType = sourcecode.c.objc; path = ViewController.m; sourceTree = "<group>"; };
		0F14DE601AB0F11C002675D8 /* Base */ = {isa = PBXFileReference; lastKnownFileType = file.storyboard; name = Base; path = Base.lproj/Main.storyboard; sourceTree = "<group>"; };
		0F14DE621AB0F11C002675D8 /* Images.xcassets */ = {isa = PBXFileReference; lastKnownFileType = folder.assetcatalog; path = Images.xcassets; sourceTree = "<group>"; };
		0F14DE651AB0F11C002675D8 /* Base */ = {isa = PBXFileReference; lastKnownFileType = file.xib; name = Base; path = Base.lproj/LaunchScreen.xib; sourceTree = "<group>"; };
		0F14DE6B1AB0F11C002675D8 /* TextFieldConstraintsExperimentTests.xctest */ = {isa = PBXFileReference; explicitFileType = wrapper.cfbundle; includeInIndex = 0; path = TextFieldConstraintsExperimentTests.xctest; sourceTree = BUILT_PRODUCTS_DIR; };
		0F14DE701AB0F11C002675D8 /* Info.plist */ = {isa = PBXFileReference; lastKnownFileType = text.plist.xml; path = Info.plist; sourceTree = "<group>"; };
		0F14DE711AB0F11C002675D8 /* TextFieldConstraintsExperimentTests.m */ = {isa = PBXFileReference; lastKnownFileType = sourcecode.c.objc; path = TextFieldConstraintsExperimentTests.m; sourceTree = "<group>"; };
/* End PBXFileReference section */

/* Begin PBXFrameworksBuildPhase section */
		0F14DE4F1AB0F11C002675D8 /* Frameworks */ = {
			isa = PBXFrameworksBuildPhase;
			buildActionMask = 2147483647;
			files = (
			);
			runOnlyForDeploymentPostprocessing = 0;
		};
		0F14DE681AB0F11C002675D8 /* Frameworks */ = {
			isa = PBXFrameworksBuildPhase;
			buildActionMask = 2147483647;
			files = (
			);
			runOnlyForDeploymentPostprocessing = 0;
		};
/* End PBXFrameworksBuildPhase section */

/* Begin PBXGroup section */
		0F14DE491AB0F11C002675D8 = {
			isa = PBXGroup;
			children = (
				0F14DE541AB0F11C002675D8 /* TextFieldConstraintsExperiment */,
				0F14DE6E1AB0F11C002675D8 /* TextFieldConstraintsExperimentTests */,
				0F14DE531AB0F11C002675D8 /* Products */,
			);
			sourceTree = "<group>";
		};
		0F14DE531AB0F11C002675D8 /* Products */ = {
			isa = PBXGroup;
			children = (
				0F14DE521AB0F11C002675D8 /* TextFieldConstraintsExperiment.app */,
				0F14DE6B1AB0F11C002675D8 /* TextFieldConstraintsExperimentTests.xctest */,
			);
			name = Products;
			sourceTree = "<group>";
		};
		0F14DE541AB0F11C002675D8 /* TextFieldConstraintsExperiment */ = {
			isa = PBXGroup;
			children = (
				0F14DE591AB0F11C002675D8 /* AppDelegate.h */,
				0F14DE5A1AB0F11C002675D8 /* AppDelegate.m */,
				0F14DE5C1AB0F11C002675D8 /* ViewController.h */,
				0F14DE5D1AB0F11C002675D8 /* ViewController.m */,
				0F14DE5F1AB0F11C002675D8 /* Main.storyboard */,
				0F14DE621AB0F11C002675D8 /* Images.xcassets */,
				0F14DE641AB0F11C002675D8 /* LaunchScreen.xib */,
				0F14DE551AB0F11C002675D8 /* Supporting Files */,
			);
			path = TextFieldConstraintsExperiment;
			sourceTree = "<group>";
		};
		0F14DE551AB0F11C002675D8 /* Supporting Files */ = {
			isa = PBXGroup;
			children = (
				0F14DE561AB0F11C002675D8 /* Info.plist */,
				0F14DE571AB0F11C002675D8 /* main.m */,
			);
			name = "Supporting Files";
			sourceTree = "<group>";
		};
		0F14DE6E1AB0F11C002675D8 /* TextFieldConstraintsExperimentTests */ = {
			isa = PBXGroup;
			children = (
				0F14DE711AB0F11C002675D8 /* TextFieldConstraintsExperimentTests.m */,
				0F14DE6F1AB0F11C002675D8 /* Supporting Files */,
			);
			path = TextFieldConstraintsExperimentTests;
			sourceTree = "<group>";
		};
		0F14DE6F1AB0F11C002675D8 /* Supporting Files */ = {
			isa = PBXGroup;
			children = (
				0F14DE701AB0F11C002675D8 /* Info.plist */,
			);
			name = "Supporting Files";
			sourceTree = "<group>";
		};
/* End PBXGroup section */

/* Begin PBXNativeTarget section */
		0F14DE511AB0F11C002675D8 /* TextFieldConstraintsExperiment */ = {
			isa = PBXNativeTarget;
			buildConfigurationList = 0F14DE751AB0F11C002675D8 /* Build configuration list for PBXNativeTarget "TextFieldConstraintsExperiment" */;
			buildPhases = (
				0F14DE4E1AB0F11C002675D8 /* Sources */,
				0F14DE4F1AB0F11C002675D8 /* Frameworks */,
				0F14DE501AB0F11C002675D8 /* Resources */,
			);
			buildRules = (
			);
			dependencies = (
			);
			name = TextFieldConstraintsExperiment;
			productName = TextFieldConstraintsExperiment;
			productReference = 0F14DE521AB0F11C002675D8 /* TextFieldConstraintsExperiment.app */;
			productType = "com.apple.product-type.application";
		};
		0F14DE6A1AB0F11C002675D8 /* TextFieldConstraintsExperimentTests */ = {
			isa = PBXNativeTarget;
			buildConfigurationList = 0F14DE781AB0F11C002675D8 /* Build configuration list for PBXNativeTarget "TextFieldConstraintsExperimentTests" */;
			buildPhases = (
				0F14DE671AB0F11C002675D8 /* Sources */,
				0F14DE681AB0F11C002675D8 /* Frameworks */,
				0F14DE691AB0F11C002675D8 /* Resources */,
			);
			buildRules = (
			);
			dependencies = (
				0F14DE6D1AB0F11C002675D8 /* PBXTargetDependency */,
			);
			name = TextFieldConstraintsExperimentTests;
			productName = TextFieldConstraintsExperimentTests;
			productReference = 0F14DE6B1AB0F11C002675D8 /* TextFieldConstraintsExperimentTests.xctest */;
			productType = "com.apple.product-type.bundle.unit-test";
		};
/* End PBXNativeTarget section */

/* Begin PBXProject section */
		0F14DE4A1AB0F11C002675D8 /* Project object */ = {
			isa = PBXProject;
			attributes = {
				LastUpgradeCheck = 0620;
				ORGANIZATIONNAME = "Pedro Mancheno";
				TargetAttributes = {
					0F14DE511AB0F11C002675D8 = {
						CreatedOnToolsVersion = 6.2;
					};
					0F14DE6A1AB0F11C002675D8 = {
						CreatedOnToolsVersion = 6.2;
						TestTargetID = 0F14DE511AB0F11C002675D8;
					};
				};
			};
			buildConfigurationList = 0F14DE4D1AB0F11C002675D8 /* Build configuration list for PBXProject "TextFieldConstraintsExperiment" */;
			compatibilityVersion = "Xcode 3.2";
			developmentRegion = English;
			hasScannedForEncodings = 0;
			knownRegions = (
				en,
				Base,
			);
			mainGroup = 0F14DE491AB0F11C002675D8;
			productRefGroup = 0F14DE531AB0F11C002675D8 /* Products */;
			projectDirPath = "";
			projectRoot = "";
			targets = (
				0F14DE511AB0F11C002675D8 /* TextFieldConstraintsExperiment */,
				0F14DE6A1AB0F11C002675D8 /* TextFieldConstraintsExperimentTests */,
			);
		};
/* End PBXProject section */

/* Begin PBXResourcesBuildPhase section */
		0F14DE501AB0F11C002675D8 /* Resources */ = {
			isa = PBXResourcesBuildPhase;
			buildActionMask = 2147483647;
			files = (
				0F14DE611AB0F11C002675D8 /* Main.storyboard in Resources */,
				0F14DE661AB0F11C002675D8 /* LaunchScreen.xib in Resources */,
				0F14DE631AB0F11C002675D8 /* Images.xcassets in Resources */,
			);
			runOnlyForDeploymentPostprocessing = 0;
		};
		0F14DE691AB0F11C002675D8 /* Resources */ = {
			isa = PBXResourcesBuildPhase;
			buildActionMask = 2147483647;
			files = (
			);
			runOnlyForDeploymentPostprocessing = 0;
		};
/* End PBXResourcesBuildPhase section */

/* Begin PBXSourcesBuildPhase section */
		0F14DE4E1AB0F11C002675D8 /* Sources */ = {
			isa = PBXSourcesBuildPhase;
			buildActionMask = 2147483647;
			files = (
				0F14DE5E1AB0F11C002675D8 /* ViewController.m in Sources */,
				0F14DE5B1AB0F11C002675D8 /* AppDelegate.m in Sources */,
				0F14DE581AB0F11C002675D8 /* main.m in Sources */,
			);
			runOnlyForDeploymentPostprocessing = 0;
		};
		0F14DE671AB0F11C002675D8 /* Sources */ = {
			isa = PBXSourcesBuildPhase;
			buildActionMask = 2147483647;
			files = (
				0F14DE721AB0F11C002675D8 /* TextFieldConstraintsExperimentTests.m in Sources */,
			);
			runOnlyForDeploymentPostprocessing = 0;
		};
/* End PBXSourcesBuildPhase section */

/* Begin PBXTargetDependency section */
		0F14DE6D1AB0F11C002675D8 /* PBXTargetDependency */ = {
			isa = PBXTargetDependency;
			target = 0F14DE511AB0F11C002675D8 /* TextFieldConstraintsExperiment */;
			targetProxy = 0F14DE6C1AB0F11C002675D8 /* PBXContainerItemProxy */;
		};
/* End PBXTargetDependency section */

/* Begin PBXVariantGroup section */
		0F14DE5F1AB0F11C002675D8 /* Main.storyboard */ = {
			isa = PBXVariantGroup;
			children = (
				0F14DE601AB0F11C002675D8 /* Base */,
			);
			name = Main.storyboard;
			sourceTree = "<group>";
		};
		0F14DE641AB0F11C002675D8 /* LaunchScreen.xib */ = {
			isa = PBXVariantGroup;
			children = (
				0F14DE651AB0F11C002675D8 /* Base */,
			);
			name = LaunchScreen.xib;
			sourceTree = "<group>";
		};
/* End PBXVariantGroup section */

/* Begin XCBuildConfiguration section */
		0F14DE731AB0F11C002675D8 /* Debug */ = {
			isa = XCBuildConfiguration;
			buildSettings = {
				ALWAYS_SEARCH_USER_PATHS = NO;
				CLANG_CXX_LANGUAGE_STANDARD = "gnu++0x";
				CLANG_CXX_LIBRARY = "libc++";
				CLANG_ENABLE_MODULES = YES;
				CLANG_ENABLE_OBJC_ARC = YES;
				CLANG_WARN_BOOL_CONVERSION = YES;
				CLANG_WARN_CONSTANT_CONVERSION = YES;
				CLANG_WARN_DIRECT_OBJC_ISA_USAGE = YES_ERROR;
				CLANG_WARN_EMPTY_BODY = YES;
				CLANG_WARN_ENUM_CONVERSION = YES;
				CLANG_WARN_INT_CONVERSION = YES;
				CLANG_WARN_OBJC_ROOT_CLASS = YES_ERROR;
				CLANG_WARN_UNREACHABLE_CODE = YES;
				CLANG_WARN__DUPLICATE_METHOD_MATCH = YES;
				"CODE_SIGN_IDENTITY[sdk=iphoneos*]" = "iPhone Developer";
				COPY_PHASE_STRIP = NO;
				ENABLE_STRICT_OBJC_MSGSEND = YES;
				GCC_C_LANGUAGE_STANDARD = gnu99;
				GCC_DYNAMIC_NO_PIC = NO;
				GCC_OPTIMIZATION_LEVEL = 0;
				GCC_PREPROCESSOR_DEFINITIONS = (
					"DEBUG=1",
					"$(inherited)",
				);
				GCC_SYMBOLS_PRIVATE_EXTERN = NO;
				GCC_WARN_64_TO_32_BIT_CONVERSION = YES;
				GCC_WARN_ABOUT_RETURN_TYPE = YES_ERROR;
				GCC_WARN_UNDECLARED_SELECTOR = YES;
				GCC_WARN_UNINITIALIZED_AUTOS = YES_AGGRESSIVE;
				GCC_WARN_UNUSED_FUNCTION = YES;
				GCC_WARN_UNUSED_VARIABLE = YES;
				IPHONEOS_DEPLOYMENT_TARGET = 8.2;
				MTL_ENABLE_DEBUG_INFO = YES;
				ONLY_ACTIVE_ARCH = YES;
				SDKROOT = iphoneos;
			};
			name = Debug;
		};
		0F14DE741AB0F11C002675D8 /* Release */ = {
			isa = XCBuildConfiguration;
			buildSettings = {
				ALWAYS_SEARCH_USER_PATHS = NO;
				CLANG_CXX_LANGUAGE_STANDARD = "gnu++0x";
				CLANG_CXX_LIBRARY = "libc++";
				CLANG_ENABLE_MODULES = YES;
				CLANG_ENABLE_OBJC_ARC = YES;
				CLANG_WARN_BOOL_CONVERSION = YES;
				CLANG_WARN_CONSTANT_CONVERSION = YES;
				CLANG_WARN_DIRECT_OBJC_ISA_USAGE = YES_ERROR;
				CLANG_WARN_EMPTY_BODY = YES;
				CLANG_WARN_ENUM_CONVERSION = YES;
				CLANG_WARN_INT_CONVERSION = YES;
				CLANG_WARN_OBJC_ROOT_CLASS = YES_ERROR;
				CLANG_WARN_UNREACHABLE_CODE = YES;
				CLANG_WARN__DUPLICATE_METHOD_MATCH = YES;
				"CODE_SIGN_IDENTITY[sdk=iphoneos*]" = "iPhone Developer";
				COPY_PHASE_STRIP = NO;
				ENABLE_NS_ASSERTIONS = NO;
				ENABLE_STRICT_OBJC_MSGSEND = YES;
				GCC_C_LANGUAGE_STANDARD = gnu99;
				GCC_WARN_64_TO_32_BIT_CONVERSION = YES;
				GCC_WARN_ABOUT_RETURN_TYPE = YES_ERROR;
				GCC_WARN_UNDECLARED_SELECTOR = YES;
				GCC_WARN_UNINITIALIZED_AUTOS = YES_AGGRESSIVE;
				GCC_WARN_UNUSED_FUNCTION = YES;
				GCC_WARN_UNUSED_VARIABLE = YES;
				IPHONEOS_DEPLOYMENT_TARGET = 8.2;
				MTL_ENABLE_DEBUG_INFO = NO;
				SDKROOT = iphoneos;
				VALIDATE_PRODUCT = YES;
			};
			name = Release;
		};
		0F14DE761AB0F11C002675D8 /* Debug */ = {
			isa = XCBuildConfiguration;
			buildSettings = {
				ASSETCATALOG_COMPILER_APPICON_NAME = AppIcon;
				INFOPLIST_FILE = TextFieldConstraintsExperiment/Info.plist;
				LD_RUNPATH_SEARCH_PATHS = "$(inherited) @executable_path/Frameworks";
				PRODUCT_NAME = "$(TARGET_NAME)";
			};
			name = Debug;
		};
		0F14DE771AB0F11C002675D8 /* Release */ = {
			isa = XCBuildConfiguration;
			buildSettings = {
				ASSETCATALOG_COMPILER_APPICON_NAME = AppIcon;
				INFOPLIST_FILE = TextFieldConstraintsExperiment/Info.plist;
				LD_RUNPATH_SEARCH_PATHS = "$(inherited) @executable_path/Frameworks";
				PRODUCT_NAME = "$(TARGET_NAME)";
			};
			name = Release;
		};
		0F14DE791AB0F11C002675D8 /* Debug */ = {
			isa = XCBuildConfiguration;
			buildSettings = {
				BUNDLE_LOADER = "$(TEST_HOST)";
				FRAMEWORK_SEARCH_PATHS = (
					"$(SDKROOT)/Developer/Library/Frameworks",
					"$(inherited)",
				);
				GCC_PREPROCESSOR_DEFINITIONS = (
					"DEBUG=1",
					"$(inherited)",
				);
				INFOPLIST_FILE = TextFieldConstraintsExperimentTests/Info.plist;
				LD_RUNPATH_SEARCH_PATHS = "$(inherited) @executable_path/Frameworks @loader_path/Frameworks";
				PRODUCT_NAME = "$(TARGET_NAME)";
				TEST_HOST = "$(BUILT_PRODUCTS_DIR)/TextFieldConstraintsExperiment.app/TextFieldConstraintsExperiment";
			};
			name = Debug;
		};
		0F14DE7A1AB0F11C002675D8 /* Release */ = {
			isa = XCBuildConfiguration;
			buildSettings = {
				BUNDLE_LOADER = "$(TEST_HOST)";
				FRAMEWORK_SEARCH_PATHS = (
					"$(SDKROOT)/Developer/Library/Frameworks",
					"$(inherited)",
				);
				INFOPLIST_FILE = TextFieldConstraintsExperimentTests/Info.plist;
				LD_RUNPATH_SEARCH_PATHS = "$(inherited) @executable_path/Frameworks @loader_path/Frameworks";
				PRODUCT_NAME = "$(TARGET_NAME)";
				TEST_HOST = "$(BUILT_PRODUCTS_DIR)/TextFieldConstraintsExperiment.app/TextFieldConstraintsExperiment";
			};
			name = Release;
		};
/* End XCBuildConfiguration section */

/* Begin XCConfigurationList section */
		0F14DE4D1AB0F11C002675D8 /* Build configuration list for PBXProject "TextFieldConstraintsExperiment" */ = {
			isa = XCConfigurationList;
			buildConfigurations = (
				0F14DE731AB0F11C002675D8 /* Debug */,
				0F14DE741AB0F11C002675D8 /* Release */,
			);
			defaultConfigurationIsVisible = 0;
			defaultConfigurationName = Release;
		};
		0F14DE751AB0F11C002675D8 /* Build configuration list for PBXNativeTarget "TextFieldConstraintsExperiment" */ = {
			isa = XCConfigurationList;
			buildConfigurations = (
				0F14DE761AB0F11C002675D8 /* Debug */,
				0F14DE771AB0F11C002675D8 /* Release */,
			);
			defaultConfigurationIsVisible = 0;
		};
		0F14DE781AB0F11C002675D8 /* Build configuration list for PBXNativeTarget "TextFieldConstraintsExperimentTests" */ = {
			isa = XCConfigurationList;
			buildConfigurations = (
				0F14DE791AB0F11C002675D8 /* Debug */,
				0F14DE7A1AB0F11C002675D8 /* Release */,
			);
			defaultConfigurationIsVisible = 0;
		};
/* End XCConfigurationList section */
	};
	rootObject = 0F14DE4A1AB0F11C002675D8 /* Project object */;
}
